
Microsoft Visual Studio Solution File, Format Version 12.00
# Visual Studio Version 16
VisualStudioVersion = 16.0.30907.101
MinimumVisualStudioVersion = 10.0.40219.1
Project("{FAE04EC0-301F-11D3-BF4B-00C04F79EFBC}") = "EFCore.WebApi", "EFCore.WebApi\EFCore.WebApi.csproj", "{5A8B0370-936B-43EB-9EA7-464652A5337A}"
EndProject
Global
	GlobalSection(SolutionConfigurationPlatforms) = preSolution
		Debug|Any CPU = Debug|Any CPU
		Release|Any CPU = Release|Any CPU
	EndGlobalSection
	GlobalSection(ProjectConfigurationPlatforms) = postSolution
		{5A8B0370-936B-43EB-9EA7-464652A5337A}.Debug|Any CPU.ActiveCfg = Debug|Any CPU
		{5A8B0370-936B-43EB-9EA7-464652A5337A}.Debug|Any CPU.Build.0 = Debug|Any CPU
		{5A8B0370-936B-43EB-9EA7-464652A5337A}.Release|Any CPU.ActiveCfg = Release|Any CPU
		{5A8B0370-936B-43EB-9EA7-464652A5337A}.Release|Any CPU.Build.0 = Release|Any CPU
	EndGlobalSection
	GlobalSection(SolutionProperties) = preSolution
		HideSolutionNode = FALSE
	EndGlobalSection
	GlobalSection(ExtensibilityGlobals) = postSolution
		SolutionGuid = {74E279A4-4DEF-4527-B8AA-39301F2822D4}
	EndGlobalSection
EndGlobal
